{
  "name": "advent-of-code",
  "version": "1.0.0",
  "lockfileVersion": 2,
  "requires": true,
  "packages": {
    "": {
      "name": "advent-of-code",
      "version": "1.0.0",
      "devDependencies": {
        "jasmine": "^4.5.0",
        "watch-http-server": "^0.7.6"
      }
    },
    "node_modules/async-each": {
      "version": "0.1.6",
      "resolved": "https://registry.npmjs.org/async-each/-/async-each-0.1.6.tgz",
      "integrity": "sha512-+AOhqLFrKKsf3E6oWhYzSX/YPEZztxHi6W3TU6LoQFuZjzSt5tqITd0ZJh2Qy3vsWoFj6HTIEBRKqPiS70HzjQ==",
      "dev": true
    },
    "node_modules/balanced-match": {
      "version": "1.0.2",
      "resolved": "https://registry.npmjs.org/balanced-match/-/balanced-match-1.0.2.tgz",
      "integrity": "sha512-3oSeUO0TMV67hN1AmbXsK4yaqU7tjiHlbxRDZOpH0KW9+CeX4bRAaX0Anxt0tx2MrpRpWwQaPwIlISEJhYU5Pw==",
      "dev": true
    },
    "node_modules/brace-expansion": {
      "version": "1.1.11",
      "resolved": "https://registry.npmjs.org/brace-expansion/-/brace-expansion-1.1.11.tgz",
      "integrity": "sha512-iCuPHDFgrHX7H2vEI/5xpz07zSHB00TpugqhmYtVmMO6518mCuRMoOYFldEBl0g187ufozdaHgWKcYFb61qGiA==",
      "dev": true,
      "dependencies": {
        "balanced-match": "^1.0.0",
        "concat-map": "0.0.1"
      }
    },
    "node_modules/chokidar": {
      "version": "0.12.6",
      "resolved": "https://registry.npmjs.org/chokidar/-/chokidar-0.12.6.tgz",
      "integrity": "sha512-nMQqT43NJ46Yc75wx9pQ7p/yhzg/5qXHPcgHKUcTLCdcUr1xMUM92SSY4sfGNpJ2zRHQqUsk1hnlP4GW8mm0Aw==",
      "deprecated": "Chokidar 2 will break on node v14+. Upgrade to chokidar 3 with 15x less dependencies.",
      "dev": true,
      "dependencies": {
        "async-each": "~0.1.5",
        "readdirp": "~1.3.0"
      },
      "optionalDependencies": {
        "fsevents": "~0.3.1"
      }
    },
    "node_modules/colors": {
      "version": "1.0.3",
      "resolved": "https://registry.npmjs.org/colors/-/colors-1.0.3.tgz",
      "integrity": "sha512-pFGrxThWcWQ2MsAz6RtgeWe4NK2kUE1WfsrvvlctdII745EW9I0yflqhe7++M5LEc7bV2c/9/5zc8sFcpL0Drw==",
      "dev": true,
      "engines": {
        "node": ">=0.1.90"
      }
    },
    "node_modules/concat-map": {
      "version": "0.0.1",
      "resolved": "https://registry.npmjs.org/concat-map/-/concat-map-0.0.1.tgz",
      "integrity": "sha512-/Srv4dswyQNBfohGpz9o6Yb3Gz3SrUDqBH5rTuhGR7ahtlbYKnVxw2bCFMRljaA7EXHaXZ8wsHdodFvbkhKmqg==",
      "dev": true
    },
    "node_modules/core-util-is": {
      "version": "1.0.3",
      "resolved": "https://registry.npmjs.org/core-util-is/-/core-util-is-1.0.3.tgz",
      "integrity": "sha512-ZQBvi1DcpJ4GDqanjucZ2Hj3wEO5pZDS89BWbkcrvdxksJorwUDDZamX9ldFkp9aw2lmBDLgkObEA4DWNJ9FYQ==",
      "dev": true
    },
    "node_modules/fs.realpath": {
      "version": "1.0.0",
      "resolved": "https://registry.npmjs.org/fs.realpath/-/fs.realpath-1.0.0.tgz",
      "integrity": "sha512-OO0pH2lK6a0hZnAdau5ItzHPI6pUlvI7jMVnxUQRtw4owF2wk8lOSabtGDCTP4Ggrg2MbGnWO9X8K1t4+fGMDw==",
      "dev": true
    },
    "node_modules/fsevents": {
      "version": "0.3.8",
      "resolved": "https://registry.npmjs.org/fsevents/-/fsevents-0.3.8.tgz",
      "integrity": "sha512-3vlmn1QaPoqSnhnorLFlp3+r3dUCZ8eZlaew+H8QhqB+0YBc9HSITh9wiZo76KYYExTC9DwG6otE/OzwbBLVIw==",
      "deprecated": "\"Please update to latest v2.3 or v2.2\"",
      "dev": true,
      "hasInstallScript": true,
      "optional": true,
      "os": [
        "darwin"
      ],
      "dependencies": {
        "nan": "^2.0.2"
      },
      "engines": {
        "node": ">=0.8.0"
      }
    },
    "node_modules/glob": {
      "version": "7.2.3",
      "resolved": "https://registry.npmjs.org/glob/-/glob-7.2.3.tgz",
      "integrity": "sha512-nFR0zLpU2YCaRxwoCJvL6UvCH2JFyFVIvwTLsIf21AuHlMskA1hhTdk+LlYJtOlYt9v6dvszD2BGRqBL+iQK9Q==",
      "dev": true,
      "dependencies": {
        "fs.realpath": "^1.0.0",
        "inflight": "^1.0.4",
        "inherits": "2",
        "minimatch": "^3.1.1",
        "once": "^1.3.0",
        "path-is-absolute": "^1.0.0"
      },
      "engines": {
        "node": "*"
      },
      "funding": {
        "url": "https://github.com/sponsors/isaacs"
      }
    },
    "node_modules/graceful-fs": {
      "version": "2.0.3",
      "resolved": "https://registry.npmjs.org/graceful-fs/-/graceful-fs-2.0.3.tgz",
      "integrity": "sha512-hcj/NTUWv+C3MbqrVb9F+aH6lvTwEHJdx2foBxlrVq5h6zE8Bfu4pv4CAAqbDcZrw/9Ak5lsRXlY9Ao8/F0Tuw==",
      "deprecated": "please upgrade to graceful-fs 4 for compatibility with current and future versions of Node.js",
      "dev": true,
      "engines": {
        "node": ">=0.4.0"
      }
    },
    "node_modules/inflight": {
      "version": "1.0.6",
      "resolved": "https://registry.npmjs.org/inflight/-/inflight-1.0.6.tgz",
      "integrity": "sha512-k92I/b08q4wvFscXCLvqfsHCrjrF7yiXsQuIVvVE7N82W3+aqpzuUdBbfhWcy/FZR3/4IgflMgKLOsvPDrGCJA==",
      "dev": true,
      "dependencies": {
        "once": "^1.3.0",
        "wrappy": "1"
      }
    },
    "node_modules/inherits": {
      "version": "2.0.4",
      "resolved": "https://registry.npmjs.org/inherits/-/inherits-2.0.4.tgz",
      "integrity": "sha512-k/vGaX4/Yla3WzyMCvTQOXYeIHvqOKtnqBduzTHpzpQZzAskKMhZ2K+EnBiSM9zGSoIFeMpXKxa4dYeZIQqewQ==",
      "dev": true
    },
    "node_modules/isarray": {
      "version": "0.0.1",
      "resolved": "https://registry.npmjs.org/isarray/-/isarray-0.0.1.tgz",
      "integrity": "sha512-D2S+3GLxWH+uhrNEcoh/fnmYeP8E8/zHl644d/jdA0g2uyXvy3sb0qxotE+ne0LtccHknQzWwZEzhak7oJ0COQ==",
      "dev": true
    },
    "node_modules/jasmine": {
      "version": "4.5.0",
      "resolved": "https://registry.npmjs.org/jasmine/-/jasmine-4.5.0.tgz",
      "integrity": "sha512-9olGRvNZyADIwYL9XBNBst5BTU/YaePzuddK+YRslc7rI9MdTIE4r3xaBKbv2GEmzYYUfMOdTR8/i6JfLZaxSQ==",
      "dev": true,
      "dependencies": {
        "glob": "^7.1.6",
        "jasmine-core": "^4.5.0"
      },
      "bin": {
        "jasmine": "bin/jasmine.js"
      }
    },
    "node_modules/jasmine-core": {
      "version": "4.5.0",
      "resolved": "https://registry.npmjs.org/jasmine-core/-/jasmine-core-4.5.0.tgz",
      "integrity": "sha512-9PMzyvhtocxb3aXJVOPqBDswdgyAeSB81QnLop4npOpbqnheaTEwPc9ZloQeVswugPManznQBjD8kWDTjlnHuw==",
      "dev": true
    },
    "node_modules/lru-cache": {
      "version": "2.7.3",
      "resolved": "https://registry.npmjs.org/lru-cache/-/lru-cache-2.7.3.tgz",
      "integrity": "sha512-WpibWJ60c3AgAz8a2iYErDrcT2C7OmKnsWhIcHOjkUHFjkXncJhtLxNSqUmxRxRunpb5I8Vprd7aNSd2NtksJQ==",
      "dev": true
    },
    "node_modules/minimatch": {
      "version": "3.1.2",
      "resolved": "https://registry.npmjs.org/minimatch/-/minimatch-3.1.2.tgz",
      "integrity": "sha512-J7p63hRiAjw1NDEww1W7i37+ByIrOWO5XQQAzZ3VOcL0PNybwpfmV/N05zFAzwQ9USyEcX6t3UO+K5aqBQOIHw==",
      "dev": true,
      "dependencies": {
        "brace-expansion": "^1.1.7"
      },
      "engines": {
        "node": "*"
      }
    },
    "node_modules/nan": {
      "version": "2.17.0",
      "resolved": "https://registry.npmjs.org/nan/-/nan-2.17.0.tgz",
      "integrity": "sha512-2ZTgtl0nJsO0KQCjEpxcIr5D+Yv90plTitZt9JBfQvVJDS5seMl3FOvsh3+9CoYWXf/1l5OaZzzF6nDm4cagaQ==",
      "dev": true,
      "optional": true
    },
    "node_modules/once": {
      "version": "1.4.0",
      "resolved": "https://registry.npmjs.org/once/-/once-1.4.0.tgz",
      "integrity": "sha512-lNaJgI+2Q5URQBkccEKHTQOPaXdUxnZZElQTZY0MFUAuaEqe1E+Nyvgdz/aIyNi6Z9MzO5dv1H8n58/GELp3+w==",
      "dev": true,
      "dependencies": {
        "wrappy": "1"
      }
    },
    "node_modules/optimist": {
      "version": "0.6.1",
      "resolved": "https://registry.npmjs.org/optimist/-/optimist-0.6.1.tgz",
      "integrity": "sha512-snN4O4TkigujZphWLN0E//nQmm7790RYaE53DdL7ZYwee2D8DDo9/EyYiKUfN3rneWUjhJnueija3G9I2i0h3g==",
      "dev": true,
      "dependencies": {
        "minimist": "~0.0.1",
        "wordwrap": "~0.0.2"
      }
    },
    "node_modules/optimist/node_modules/minimist": {
      "version": "0.0.10",
      "resolved": "https://registry.npmjs.org/minimist/-/minimist-0.0.10.tgz",
      "integrity": "sha512-iotkTvxc+TwOm5Ieim8VnSNvCDjCK9S8G3scJ50ZthspSxa7jx50jkhYduuAtAjvfDUwSgOwf8+If99AlOEhyw==",
      "dev": true
    },
    "node_modules/options": {
      "version": "0.0.6",
      "resolved": "https://registry.npmjs.org/options/-/options-0.0.6.tgz",
      "integrity": "sha512-bOj3L1ypm++N+n7CEbbe473A414AB7z+amKYshRb//iuL3MpdDCLhPnw6aVTdKB9g5ZRVHIEp8eUln6L2NUStg==",
      "dev": true,
      "engines": {
        "node": ">=0.4.0"
      }
    },
    "node_modules/path-is-absolute": {
      "version": "1.0.1",
      "resolved": "https://registry.npmjs.org/path-is-absolute/-/path-is-absolute-1.0.1.tgz",
      "integrity": "sha512-AVbw3UJ2e9bq64vSaS9Am0fje1Pa8pbGqTTsmXfaIiMpnr5DlDhfJOuLj9Sf95ZPVDAUerDfEk88MPmPe7UCQg==",
      "dev": true,
      "engines": {
        "node": ">=0.10.0"
      }
    },
    "node_modules/readable-stream": {
      "version": "1.0.34",
      "resolved": "https://registry.npmjs.org/readable-stream/-/readable-stream-1.0.34.tgz",
      "integrity": "sha512-ok1qVCJuRkNmvebYikljxJA/UEsKwLl2nI1OmaqAu4/UE+h0wKCHok4XkL/gvi39OacXvw59RJUOFUkDib2rHg==",
      "dev": true,
      "dependencies": {
        "core-util-is": "~1.0.0",
        "inherits": "~2.0.1",
        "isarray": "0.0.1",
        "string_decoder": "~0.10.x"
      }
    },
    "node_modules/readdirp": {
      "version": "1.3.0",
      "resolved": "https://registry.npmjs.org/readdirp/-/readdirp-1.3.0.tgz",
      "integrity": "sha512-H1BGeo9VW8nmdwGo64SKRQgNNZwEuqtVUHijOoTDYIpqJGNKU65JaRXL3iqa/8tmVJ9jfoKY+soTznq0cOruTw==",
      "dev": true,
      "dependencies": {
        "graceful-fs": "~2.0.0",
        "minimatch": "~0.2.12",
        "readable-stream": "~1.0.26-2"
      },
      "engines": {
        "node": ">=0.6"
      }
    },
    "node_modules/readdirp/node_modules/minimatch": {
      "version": "0.2.14",
      "resolved": "https://registry.npmjs.org/minimatch/-/minimatch-0.2.14.tgz",
      "integrity": "sha512-zZ+Jy8lVWlvqqeM8iZB7w7KmQkoJn8djM585z88rywrEbzoqawVa9FR5p2hwD+y74nfuKOjmNvi9gtWJNLqHvA==",
      "deprecated": "Please update to minimatch 3.0.2 or higher to avoid a RegExp DoS issue",
      "dev": true,
      "dependencies": {
        "lru-cache": "2",
        "sigmund": "~1.0.0"
      },
      "engines": {
        "node": "*"
      }
    },
    "node_modules/sexstatic": {
      "version": "0.6.2",
      "resolved": "https://registry.npmjs.org/sexstatic/-/sexstatic-0.6.2.tgz",
      "integrity": "sha512-r/E1YWB6q6/SYepc8cdn1lk/CdAXYvVqohGNYbkhPMmqdhhJlHEgcchBqSKHfph46aLW7QDTHuV7O9sXstsASQ==",
      "dev": true,
      "dependencies": {
        "he": "~0.4.1",
        "mime": "1.2.x",
        "minimist": "~0.0.5"
      },
      "bin": {
        "sexstatic": "lib/sexstatic.js"
      }
    },
    "node_modules/sexstatic/node_modules/he": {
      "version": "0.4.1",
      "resolved": "https://registry.npmjs.org/he/-/he-0.4.1.tgz",
      "integrity": "sha512-wFn1JlcsgbcWEawQ6A1GztgNRRl6UyEtaARIDpAeH3c35T/9id/QQKvap1NAz6Yk2oKrKwXQZZFERS0tl9E0Jg==",
      "dev": true,
      "bin": {
        "he": "bin/he"
      }
    },
    "node_modules/sexstatic/node_modules/mime": {
      "version": "1.2.11",
      "resolved": "https://registry.npmjs.org/mime/-/mime-1.2.11.tgz",
      "integrity": "sha512-Ysa2F/nqTNGHhhm9MV8ure4+Hc+Y8AWiqUdHxsO7xu8zc92ND9f3kpALHjaP026Ft17UfxrMt95c50PLUeynBw==",
      "dev": true
    },
    "node_modules/sexstatic/node_modules/minimist": {
      "version": "0.0.10",
      "resolved": "https://registry.npmjs.org/minimist/-/minimist-0.0.10.tgz",
      "integrity": "sha512-iotkTvxc+TwOm5Ieim8VnSNvCDjCK9S8G3scJ50ZthspSxa7jx50jkhYduuAtAjvfDUwSgOwf8+If99AlOEhyw==",
      "dev": true
    },
    "node_modules/sigmund": {
      "version": "1.0.1",
      "resolved": "https://registry.npmjs.org/sigmund/-/sigmund-1.0.1.tgz",
      "integrity": "sha512-fCvEXfh6NWpm+YSuY2bpXb/VIihqWA6hLsgboC+0nl71Q7N7o2eaCW8mJa/NLvQhs6jpd3VZV4UiUQlV6+lc8g==",
      "dev": true
    },
    "node_modules/string_decoder": {
      "version": "0.10.31",
      "resolved": "https://registry.npmjs.org/string_decoder/-/string_decoder-0.10.31.tgz",
      "integrity": "sha512-ev2QzSzWPYmy9GuqfIVildA4OdcGLeFZQrq5ys6RtiuF+RQQiZWr8TZNyAcuVXyQRYfEO+MsoB/1BuQVhOJuoQ==",
      "dev": true
    },
    "node_modules/ultron": {
      "version": "1.0.2",
      "resolved": "https://registry.npmjs.org/ultron/-/ultron-1.0.2.tgz",
      "integrity": "sha512-QMpnpVtYaWEeY+MwKDN/UdKlE/LsFZXM5lO1u7GaZzNgmIbGixHEmVMIKT+vqYOALu3m5GYQy9kz4Xu4IVn7Ow==",
      "dev": true
    },
    "node_modules/watch-http-server": {
      "version": "0.7.6",
      "resolved": "https://registry.npmjs.org/watch-http-server/-/watch-http-server-0.7.6.tgz",
      "integrity": "sha512-RFDwutg6npqy8R1//vLkPXnfEvkwM51PdEZkwVpttz1tYW4JVzlOXJlfEd32QwLmzCt2EgCTdnlyx0wvJGpHeg==",
      "dev": true,
      "dependencies": {
        "chokidar": "^0.12.4",
        "colors": "1.0.3",
        "opener": "~1.4.0",
        "optimist": "0.6.x",
        "portfinder": "0.2.x",
        "sexstatic": "~0.6.x",
        "union": "~0.4.3",
        "ws": "^0.6.3"
      },
      "bin": {
        "watch-http-server": "bin/http-server",
        "watchhttpserver": "bin/http-server",
        "whs": "bin/http-server"
      }
    },
    "node_modules/watch-http-server/node_modules/mkdirp": {
      "version": "0.0.7",
      "resolved": "https://registry.npmjs.org/mkdirp/-/mkdirp-0.0.7.tgz",
      "integrity": "sha512-r4Ml2CH2Kl4B0+Lwq1SVru0vjMxdtR+UEb938WTQcsnU+EJz8dUV/HY0LTZh466nUSljia9cvqW3LZLWs3l8LQ==",
      "deprecated": "Legacy versions of mkdirp are no longer supported. Please update to mkdirp 1.x. (Note that the API surface has changed to use Promises in 1.x.)",
      "dev": true,
      "engines": {
        "node": "*"
      }
    },
    "node_modules/watch-http-server/node_modules/opener": {
      "version": "1.4.3",
      "resolved": "https://registry.npmjs.org/opener/-/opener-1.4.3.tgz",
      "integrity": "sha512-4Im9TrPJcjAYyGR5gBe3yZnBzw5n3Bfh1ceHHGNOpMurINKc6RdSIPXMyon4BZacJbJc36lLkhipioGbWh5pwg==",
      "dev": true,
      "bin": {
        "opener": "opener.js"
      }
    },
    "node_modules/watch-http-server/node_modules/portfinder": {
      "version": "0.2.1",
      "resolved": "https://registry.npmjs.org/portfinder/-/portfinder-0.2.1.tgz",
      "integrity": "sha512-U7dHe7mfMMP5cIwbqBHh/likunxAEiBsQLiThUWjyeRK6/C3um2uk+VGiekUW8q3h+s793gdNfagCM3aaXMeOg==",
      "dev": true,
      "dependencies": {
        "mkdirp": "0.0.x"
      },
      "engines": {
        "node": ">= 0.4.0"
      }
    },
    "node_modules/watch-http-server/node_modules/qs": {
      "version": "2.3.3",
      "resolved": "https://registry.npmjs.org/qs/-/qs-2.3.3.tgz",
      "integrity": "sha512-f5M0HQqZWkzU8GELTY8LyMrGkr3bPjKoFtTkwUEqJQbcljbeK8M7mliP9Ia2xoOI6oMerp+QPS7oYJtpGmWe/A==",
      "dev": true
    },
    "node_modules/watch-http-server/node_modules/union": {
      "version": "0.4.6",
      "resolved": "https://registry.npmjs.org/union/-/union-0.4.6.tgz",
      "integrity": "sha512-2qtrvSgD0GKotLRCNYkIMUOzoaHjXKCtbAP0kc5Po6D+RWTBb+BxlcHlHCYcf+Y+YM7eQicPgAg9mnWQvtoFVA==",
      "dev": true,
      "dependencies": {
        "qs": "~2.3.3"
      },
      "engines": {
        "node": ">= 0.8.0"
      }
    },
    "node_modules/wordwrap": {
      "version": "0.0.3",
      "resolved": "https://registry.npmjs.org/wordwrap/-/wordwrap-0.0.3.tgz",
      "integrity": "sha512-1tMA907+V4QmxV7dbRvb4/8MaRALK6q9Abid3ndMYnbyo8piisCmeONVqVSXqQA3KaP4SLt5b7ud6E2sqP8TFw==",
      "dev": true,
      "engines": {
        "node": ">=0.4.0"
      }
    },
    "node_modules/wrappy": {
      "version": "1.0.2",
      "resolved": "https://registry.npmjs.org/wrappy/-/wrappy-1.0.2.tgz",
      "integrity": "sha512-l4Sp/DRseor9wL6EvV2+TuQn63dMkPjZ/sp9XkghTEbV9KlPS1xUsZ3u7/IQO4wxtcFB4bgpQPRcR3QCvezPcQ==",
      "dev": true
    },
    "node_modules/ws": {
      "version": "0.6.5",
      "resolved": "https://registry.npmjs.org/ws/-/ws-0.6.5.tgz",
      "integrity": "sha512-USH6S6I3kVLbZQ3+MwoC1gSGeQ9NTT5SCqhbtqLLJjPa+nv0I7zzzPyQSVAm10NzyMHa2rD4ZGnIbnFgarSQWg==",
      "dev": true,
      "hasInstallScript": true,
      "dependencies": {
        "nan": "1.4.x",
        "options": ">=0.0.5",
        "ultron": "1.0.x"
      }
    },
    "node_modules/ws/node_modules/nan": {
      "version": "1.4.3",
      "resolved": "https://registry.npmjs.org/nan/-/nan-1.4.3.tgz",
      "integrity": "sha512-sZJUTDM4+nDMorRUb2WS0nv5ihun+xqlHhKgKCKi0s4nI/tj5NVHlEm13hEySdZ15iAORPaJ50Gv6yi93bPPIw==",
      "dev": true
    }
  },
  "dependencies": {
    "async-each": {
      "version": "0.1.6",
      "resolved": "https://registry.npmjs.org/async-each/-/async-each-0.1.6.tgz",
      "integrity": "sha512-+AOhqLFrKKsf3E6oWhYzSX/YPEZztxHi6W3TU6LoQFuZjzSt5tqITd0ZJh2Qy3vsWoFj6HTIEBRKqPiS70HzjQ==",
      "dev": true
    },
    "balanced-match": {
      "version": "1.0.2",
      "resolved": "https://registry.npmjs.org/balanced-match/-/balanced-match-1.0.2.tgz",
      "integrity": "sha512-3oSeUO0TMV67hN1AmbXsK4yaqU7tjiHlbxRDZOpH0KW9+CeX4bRAaX0Anxt0tx2MrpRpWwQaPwIlISEJhYU5Pw==",
      "dev": true
    },
    "brace-expansion": {
      "version": "1.1.11",
      "resolved": "https://registry.npmjs.org/brace-expansion/-/brace-expansion-1.1.11.tgz",
      "integrity": "sha512-iCuPHDFgrHX7H2vEI/5xpz07zSHB00TpugqhmYtVmMO6518mCuRMoOYFldEBl0g187ufozdaHgWKcYFb61qGiA==",
      "dev": true,
      "requires": {
        "balanced-match": "^1.0.0",
        "concat-map": "0.0.1"
      }
    },
    "chokidar": {
      "version": "0.12.6",
      "resolved": "https://registry.npmjs.org/chokidar/-/chokidar-0.12.6.tgz",
      "integrity": "sha512-nMQqT43NJ46Yc75wx9pQ7p/yhzg/5qXHPcgHKUcTLCdcUr1xMUM92SSY4sfGNpJ2zRHQqUsk1hnlP4GW8mm0Aw==",
      "dev": true,
      "requires": {
        "async-each": "~0.1.5",
        "fsevents": "~0.3.1",
        "readdirp": "~1.3.0"
      }
    },
    "colors": {
      "version": "1.0.3",
      "resolved": "https://registry.npmjs.org/colors/-/colors-1.0.3.tgz",
      "integrity": "sha512-pFGrxThWcWQ2MsAz6RtgeWe4NK2kUE1WfsrvvlctdII745EW9I0yflqhe7++M5LEc7bV2c/9/5zc8sFcpL0Drw==",
      "dev": true
    },
    "concat-map": {
      "version": "0.0.1",
      "resolved": "https://registry.npmjs.org/concat-map/-/concat-map-0.0.1.tgz",
      "integrity": "sha512-/Srv4dswyQNBfohGpz9o6Yb3Gz3SrUDqBH5rTuhGR7ahtlbYKnVxw2bCFMRljaA7EXHaXZ8wsHdodFvbkhKmqg==",
      "dev": true
    },
    "core-util-is": {
      "version": "1.0.3",
      "resolved": "https://registry.npmjs.org/core-util-is/-/core-util-is-1.0.3.tgz",
      "integrity": "sha512-ZQBvi1DcpJ4GDqanjucZ2Hj3wEO5pZDS89BWbkcrvdxksJorwUDDZamX9ldFkp9aw2lmBDLgkObEA4DWNJ9FYQ==",
      "dev": true
    },
    "fs.realpath": {
      "version": "1.0.0",
      "resolved": "https://registry.npmjs.org/fs.realpath/-/fs.realpath-1.0.0.tgz",
      "integrity": "sha512-OO0pH2lK6a0hZnAdau5ItzHPI6pUlvI7jMVnxUQRtw4owF2wk8lOSabtGDCTP4Ggrg2MbGnWO9X8K1t4+fGMDw==",
      "dev": true
    },
    "fsevents": {
      "version": "0.3.8",
      "resolved": "https://registry.npmjs.org/fsevents/-/fsevents-0.3.8.tgz",
      "integrity": "sha512-3vlmn1QaPoqSnhnorLFlp3+r3dUCZ8eZlaew+H8QhqB+0YBc9HSITh9wiZo76KYYExTC9DwG6otE/OzwbBLVIw==",
      "dev": true,
      "optional": true,
      "requires": {
        "nan": "^2.0.2"
      }
    },
    "glob": {
      "version": "7.2.3",
      "resolved": "https://registry.npmjs.org/glob/-/glob-7.2.3.tgz",
      "integrity": "sha512-nFR0zLpU2YCaRxwoCJvL6UvCH2JFyFVIvwTLsIf21AuHlMskA1hhTdk+LlYJtOlYt9v6dvszD2BGRqBL+iQK9Q==",
      "dev": true,
      "requires": {
        "fs.realpath": "^1.0.0",
        "inflight": "^1.0.4",
        "inherits": "2",
        "minimatch": "^3.1.1",
        "once": "^1.3.0",
        "path-is-absolute": "^1.0.0"
      }
    },
    "graceful-fs": {
      "version": "2.0.3",
      "resolved": "https://registry.npmjs.org/graceful-fs/-/graceful-fs-2.0.3.tgz",
      "integrity": "sha512-hcj/NTUWv+C3MbqrVb9F+aH6lvTwEHJdx2foBxlrVq5h6zE8Bfu4pv4CAAqbDcZrw/9Ak5lsRXlY9Ao8/F0Tuw==",
      "dev": true
    },
    "inflight": {
      "version": "1.0.6",
      "resolved": "https://registry.npmjs.org/inflight/-/inflight-1.0.6.tgz",
      "integrity": "sha512-k92I/b08q4wvFscXCLvqfsHCrjrF7yiXsQuIVvVE7N82W3+aqpzuUdBbfhWcy/FZR3/4IgflMgKLOsvPDrGCJA==",
      "dev": true,
      "requires": {
        "once": "^1.3.0",
        "wrappy": "1"
      }
    },
    "inherits": {
      "version": "2.0.4",
      "resolved": "https://registry.npmjs.org/inherits/-/inherits-2.0.4.tgz",
      "integrity": "sha512-k/vGaX4/Yla3WzyMCvTQOXYeIHvqOKtnqBduzTHpzpQZzAskKMhZ2K+EnBiSM9zGSoIFeMpXKxa4dYeZIQqewQ==",
      "dev": true
    },
    "isarray": {
      "version": "0.0.1",
      "resolved": "https://registry.npmjs.org/isarray/-/isarray-0.0.1.tgz",
      "integrity": "sha512-D2S+3GLxWH+uhrNEcoh/fnmYeP8E8/zHl644d/jdA0g2uyXvy3sb0qxotE+ne0LtccHknQzWwZEzhak7oJ0COQ==",
      "dev": true
    },
    "jasmine": {
      "version": "4.5.0",
      "resolved": "https://registry.npmjs.org/jasmine/-/jasmine-4.5.0.tgz",
      "integrity": "sha512-9olGRvNZyADIwYL9XBNBst5BTU/YaePzuddK+YRslc7rI9MdTIE4r3xaBKbv2GEmzYYUfMOdTR8/i6JfLZaxSQ==",
      "dev": true,
      "requires": {
        "glob": "^7.1.6",
        "jasmine-core": "^4.5.0"
      }
    },
    "jasmine-core": {
      "version": "4.5.0",
      "resolved": "https://registry.npmjs.org/jasmine-core/-/jasmine-core-4.5.0.tgz",
      "integrity": "sha512-9PMzyvhtocxb3aXJVOPqBDswdgyAeSB81QnLop4npOpbqnheaTEwPc9ZloQeVswugPManznQBjD8kWDTjlnHuw==",
      "dev": true
    },
    "lru-cache": {
      "version": "2.7.3",
      "resolved": "https://registry.npmjs.org/lru-cache/-/lru-cache-2.7.3.tgz",
      "integrity": "sha512-WpibWJ60c3AgAz8a2iYErDrcT2C7OmKnsWhIcHOjkUHFjkXncJhtLxNSqUmxRxRunpb5I8Vprd7aNSd2NtksJQ==",
      "dev": true
    },
    "minimatch": {
      "version": "3.1.2",
      "resolved": "https://registry.npmjs.org/minimatch/-/minimatch-3.1.2.tgz",
      "integrity": "sha512-J7p63hRiAjw1NDEww1W7i37+ByIrOWO5XQQAzZ3VOcL0PNybwpfmV/N05zFAzwQ9USyEcX6t3UO+K5aqBQOIHw==",
      "dev": true,
      "requires": {
        "brace-expansion": "^1.1.7"
      }
    },
    "nan": {
      "version": "2.17.0",
      "resolved": "https://registry.npmjs.org/nan/-/nan-2.17.0.tgz",
      "integrity": "sha512-2ZTgtl0nJsO0KQCjEpxcIr5D+Yv90plTitZt9JBfQvVJDS5seMl3FOvsh3+9CoYWXf/1l5OaZzzF6nDm4cagaQ==",
      "dev": true,
      "optional": true
    },
    "once": {
      "version": "1.4.0",
      "resolved": "https://registry.npmjs.org/once/-/once-1.4.0.tgz",
      "integrity": "sha512-lNaJgI+2Q5URQBkccEKHTQOPaXdUxnZZElQTZY0MFUAuaEqe1E+Nyvgdz/aIyNi6Z9MzO5dv1H8n58/GELp3+w==",
      "dev": true,
      "requires": {
        "wrappy": "1"
      }
    },
    "optimist": {
      "version": "0.6.1",
      "resolved": "https://registry.npmjs.org/optimist/-/optimist-0.6.1.tgz",
      "integrity": "sha512-snN4O4TkigujZphWLN0E//nQmm7790RYaE53DdL7ZYwee2D8DDo9/EyYiKUfN3rneWUjhJnueija3G9I2i0h3g==",
      "dev": true,
      "requires": {
        "minimist": "~0.0.1",
        "wordwrap": "~0.0.2"
      },
      "dependencies": {
        "minimist": {
          "version": "0.0.10",
          "resolved": "https://registry.npmjs.org/minimist/-/minimist-0.0.10.tgz",
          "integrity": "sha512-iotkTvxc+TwOm5Ieim8VnSNvCDjCK9S8G3scJ50ZthspSxa7jx50jkhYduuAtAjvfDUwSgOwf8+If99AlOEhyw==",
          "dev": true
        }
      }
    },
    "options": {
      "version": "0.0.6",
      "resolved": "https://registry.npmjs.org/options/-/options-0.0.6.tgz",
      "integrity": "sha512-bOj3L1ypm++N+n7CEbbe473A414AB7z+amKYshRb//iuL3MpdDCLhPnw6aVTdKB9g5ZRVHIEp8eUln6L2NUStg==",
      "dev": true
    },
    "path-is-absolute": {
      "version": "1.0.1",
      "resolved": "https://registry.npmjs.org/path-is-absolute/-/path-is-absolute-1.0.1.tgz",
      "integrity": "sha512-AVbw3UJ2e9bq64vSaS9Am0fje1Pa8pbGqTTsmXfaIiMpnr5DlDhfJOuLj9Sf95ZPVDAUerDfEk88MPmPe7UCQg==",
      "dev": true
    },
    "readable-stream": {
      "version": "1.0.34",
      "resolved": "https://registry.npmjs.org/readable-stream/-/readable-stream-1.0.34.tgz",
      "integrity": "sha512-ok1qVCJuRkNmvebYikljxJA/UEsKwLl2nI1OmaqAu4/UE+h0wKCHok4XkL/gvi39OacXvw59RJUOFUkDib2rHg==",
      "dev": true,
      "requires": {
        "core-util-is": "~1.0.0",
        "inherits": "~2.0.1",
        "isarray": "0.0.1",
        "string_decoder": "~0.10.x"
      }
    },
    "readdirp": {
      "version": "1.3.0",
      "resolved": "https://registry.npmjs.org/readdirp/-/readdirp-1.3.0.tgz",
      "integrity": "sha512-H1BGeo9VW8nmdwGo64SKRQgNNZwEuqtVUHijOoTDYIpqJGNKU65JaRXL3iqa/8tmVJ9jfoKY+soTznq0cOruTw==",
      "dev": true,
      "requires": {
        "graceful-fs": "~2.0.0",
        "minimatch": "~0.2.12",
        "readable-stream": "~1.0.26-2"
      },
      "dependencies": {
        "minimatch": {
          "version": "0.2.14",
          "resolved": "https://registry.npmjs.org/minimatch/-/minimatch-0.2.14.tgz",
          "integrity": "sha512-zZ+Jy8lVWlvqqeM8iZB7w7KmQkoJn8djM585z88rywrEbzoqawVa9FR5p2hwD+y74nfuKOjmNvi9gtWJNLqHvA==",
          "dev": true,
          "requires": {
            "lru-cache": "2",
            "sigmund": "~1.0.0"
          }
        }
      }
    },
    "sexstatic": {
      "version": "0.6.2",
      "resolved": "https://registry.npmjs.org/sexstatic/-/sexstatic-0.6.2.tgz",
      "integrity": "sha512-r/E1YWB6q6/SYepc8cdn1lk/CdAXYvVqohGNYbkhPMmqdhhJlHEgcchBqSKHfph46aLW7QDTHuV7O9sXstsASQ==",
      "dev": true,
      "requires": {
        "he": "~0.4.1",
        "mime": "1.2.x",
        "minimist": "~0.0.5"
      },
      "dependencies": {
        "he": {
          "version": "0.4.1",
          "resolved": "https://registry.npmjs.org/he/-/he-0.4.1.tgz",
          "integrity": "sha512-wFn1JlcsgbcWEawQ6A1GztgNRRl6UyEtaARIDpAeH3c35T/9id/QQKvap1NAz6Yk2oKrKwXQZZFERS0tl9E0Jg==",
          "dev": true
        },
        "mime": {
          "version": "1.2.11",
          "resolved": "https://registry.npmjs.org/mime/-/mime-1.2.11.tgz",
          "integrity": "sha512-Ysa2F/nqTNGHhhm9MV8ure4+Hc+Y8AWiqUdHxsO7xu8zc92ND9f3kpALHjaP026Ft17UfxrMt95c50PLUeynBw==",
          "dev": true
        },
        "minimist": {
          "version": "0.0.10",
          "resolved": "https://registry.npmjs.org/minimist/-/minimist-0.0.10.tgz",
          "integrity": "sha512-iotkTvxc+TwOm5Ieim8VnSNvCDjCK9S8G3scJ50ZthspSxa7jx50jkhYduuAtAjvfDUwSgOwf8+If99AlOEhyw==",
          "dev": true
        }
      }
    },
    "sigmund": {
      "version": "1.0.1",
      "resolved": "https://registry.npmjs.org/sigmund/-/sigmund-1.0.1.tgz",
      "integrity": "sha512-fCvEXfh6NWpm+YSuY2bpXb/VIihqWA6hLsgboC+0nl71Q7N7o2eaCW8mJa/NLvQhs6jpd3VZV4UiUQlV6+lc8g==",
      "dev": true
    },
    "string_decoder": {
      "version": "0.10.31",
      "resolved": "https://registry.npmjs.org/string_decoder/-/string_decoder-0.10.31.tgz",
      "integrity": "sha512-ev2QzSzWPYmy9GuqfIVildA4OdcGLeFZQrq5ys6RtiuF+RQQiZWr8TZNyAcuVXyQRYfEO+MsoB/1BuQVhOJuoQ==",
      "dev": true
    },
    "ultron": {
      "version": "1.0.2",
      "resolved": "https://registry.npmjs.org/ultron/-/ultron-1.0.2.tgz",
      "integrity": "sha512-QMpnpVtYaWEeY+MwKDN/UdKlE/LsFZXM5lO1u7GaZzNgmIbGixHEmVMIKT+vqYOALu3m5GYQy9kz4Xu4IVn7Ow==",
      "dev": true
    },
    "watch-http-server": {
      "version": "0.7.6",
      "resolved": "https://registry.npmjs.org/watch-http-server/-/watch-http-server-0.7.6.tgz",
      "integrity": "sha512-RFDwutg6npqy8R1//vLkPXnfEvkwM51PdEZkwVpttz1tYW4JVzlOXJlfEd32QwLmzCt2EgCTdnlyx0wvJGpHeg==",
      "dev": true,
      "requires": {
        "chokidar": "^0.12.4",
        "colors": "1.0.3",
        "opener": "~1.4.0",
        "optimist": "0.6.x",
        "portfinder": "0.2.x",
        "sexstatic": "~0.6.x",
        "union": "~0.4.3",
        "ws": "^0.6.3"
      },
      "dependencies": {
        "mkdirp": {
          "version": "0.0.7",
          "resolved": "https://registry.npmjs.org/mkdirp/-/mkdirp-0.0.7.tgz",
          "integrity": "sha512-r4Ml2CH2Kl4B0+Lwq1SVru0vjMxdtR+UEb938WTQcsnU+EJz8dUV/HY0LTZh466nUSljia9cvqW3LZLWs3l8LQ==",
          "dev": true
        },
        "opener": {
          "version": "1.4.3",
          "resolved": "https://registry.npmjs.org/opener/-/opener-1.4.3.tgz",
          "integrity": "sha512-4Im9TrPJcjAYyGR5gBe3yZnBzw5n3Bfh1ceHHGNOpMurINKc6RdSIPXMyon4BZacJbJc36lLkhipioGbWh5pwg==",
          "dev": true
        },
        "portfinder": {
          "version": "0.2.1",
          "resolved": "https://registry.npmjs.org/portfinder/-/portfinder-0.2.1.tgz",
          "integrity": "sha512-U7dHe7mfMMP5cIwbqBHh/likunxAEiBsQLiThUWjyeRK6/C3um2uk+VGiekUW8q3h+s793gdNfagCM3aaXMeOg==",
          "dev": true,
          "requires": {
            "mkdirp": "0.0.x"
          }
        },
        "qs": {
          "version": "2.3.3",
          "resolved": "https://registry.npmjs.org/qs/-/qs-2.3.3.tgz",
          "integrity": "sha512-f5M0HQqZWkzU8GELTY8LyMrGkr3bPjKoFtTkwUEqJQbcljbeK8M7mliP9Ia2xoOI6oMerp+QPS7oYJtpGmWe/A==",
          "dev": true
        },
        "union": {
          "version": "0.4.6",
          "resolved": "https://registry.npmjs.org/union/-/union-0.4.6.tgz",
          "integrity": "sha512-2qtrvSgD0GKotLRCNYkIMUOzoaHjXKCtbAP0kc5Po6D+RWTBb+BxlcHlHCYcf+Y+YM7eQicPgAg9mnWQvtoFVA==",
          "dev": true,
          "requires": {
            "qs": "~2.3.3"
          }
        }
      }
    },
    "wordwrap": {
      "version": "0.0.3",
      "resolved": "https://registry.npmjs.org/wordwrap/-/wordwrap-0.0.3.tgz",
      "integrity": "sha512-1tMA907+V4QmxV7dbRvb4/8MaRALK6q9Abid3ndMYnbyo8piisCmeONVqVSXqQA3KaP4SLt5b7ud6E2sqP8TFw==",
      "dev": true
    },
    "wrappy": {
      "version": "1.0.2",
      "resolved": "https://registry.npmjs.org/wrappy/-/wrappy-1.0.2.tgz",
      "integrity": "sha512-l4Sp/DRseor9wL6EvV2+TuQn63dMkPjZ/sp9XkghTEbV9KlPS1xUsZ3u7/IQO4wxtcFB4bgpQPRcR3QCvezPcQ==",
      "dev": true
    },
    "ws": {
      "version": "0.6.5",
      "resolved": "https://registry.npmjs.org/ws/-/ws-0.6.5.tgz",
      "integrity": "sha512-USH6S6I3kVLbZQ3+MwoC1gSGeQ9NTT5SCqhbtqLLJjPa+nv0I7zzzPyQSVAm10NzyMHa2rD4ZGnIbnFgarSQWg==",
      "dev": true,
      "requires": {
        "nan": "1.4.x",
        "options": ">=0.0.5",
        "ultron": "1.0.x"
      },
      "dependencies": {
        "nan": {
          "version": "1.4.3",
          "resolved": "https://registry.npmjs.org/nan/-/nan-1.4.3.tgz",
          "integrity": "sha512-sZJUTDM4+nDMorRUb2WS0nv5ihun+xqlHhKgKCKi0s4nI/tj5NVHlEm13hEySdZ15iAORPaJ50Gv6yi93bPPIw==",
          "dev": true
        }
      }
    }
  }
}
